
Microsoft Visual Studio Solution File, Format Version 12.00
# Visual Studio 15
VisualStudioVersion = 15.0.27703.2035
MinimumVisualStudioVersion = 10.0.40219.1
Project("{9A19103F-16F7-4668-BE54-9A1E7A4F7556}") = "Engine", "Engine\Engine.csproj", "{53171D2B-5B7B-4582-9E25-AE2653F60F1C}"
EndProject
Project("{9A19103F-16F7-4668-BE54-9A1E7A4F7556}") = "DomainModels", "DomainModels\DomainModels.csproj", "{FBFEF4B0-52AD-4DA9-B1D8-020B14CBCAD1}"
EndProject
Project("{9A19103F-16F7-4668-BE54-9A1E7A4F7556}") = "RepositoryLayer", "RepositoryLayer\RepositoryLayer.csproj", "{8943C3D8-073A-4F7F-A86A-85623500DCF6}"
EndProject
Project("{9A19103F-16F7-4668-BE54-9A1E7A4F7556}") = "BusinessLayer", "ServiceLayer\BusinessLayer.csproj", "{0FE6C604-B753-4C7C-B44F-F3AEE1509E39}"
EndProject
Project("{9A19103F-16F7-4668-BE54-9A1E7A4F7556}") = "Utility", "Utility\Utility.csproj", "{91F46531-EFD5-4A0D-8D73-7BA6D3EC6457}"
EndProject
Global
	GlobalSection(SolutionConfigurationPlatforms) = preSolution
		Debug|Any CPU = Debug|Any CPU
		Release|Any CPU = Release|Any CPU
	EndGlobalSection
	GlobalSection(ProjectConfigurationPlatforms) = postSolution
		{53171D2B-5B7B-4582-9E25-AE2653F60F1C}.Debug|Any CPU.ActiveCfg = Debug|Any CPU
		{53171D2B-5B7B-4582-9E25-AE2653F60F1C}.Debug|Any CPU.Build.0 = Debug|Any CPU
		{53171D2B-5B7B-4582-9E25-AE2653F60F1C}.Release|Any CPU.ActiveCfg = Release|Any CPU
		{53171D2B-5B7B-4582-9E25-AE2653F60F1C}.Release|Any CPU.Build.0 = Release|Any CPU
		{FBFEF4B0-52AD-4DA9-B1D8-020B14CBCAD1}.Debug|Any CPU.ActiveCfg = Debug|Any CPU
		{FBFEF4B0-52AD-4DA9-B1D8-020B14CBCAD1}.Debug|Any CPU.Build.0 = Debug|Any CPU
		{FBFEF4B0-52AD-4DA9-B1D8-020B14CBCAD1}.Release|Any CPU.ActiveCfg = Release|Any CPU
		{FBFEF4B0-52AD-4DA9-B1D8-020B14CBCAD1}.Release|Any CPU.Build.0 = Release|Any CPU
		{8943C3D8-073A-4F7F-A86A-85623500DCF6}.Debug|Any CPU.ActiveCfg = Debug|Any CPU
		{8943C3D8-073A-4F7F-A86A-85623500DCF6}.Debug|Any CPU.Build.0 = Debug|Any CPU
		{8943C3D8-073A-4F7F-A86A-85623500DCF6}.Release|Any CPU.ActiveCfg = Release|Any CPU
		{8943C3D8-073A-4F7F-A86A-85623500DCF6}.Release|Any CPU.Build.0 = Release|Any CPU
		{0FE6C604-B753-4C7C-B44F-F3AEE1509E39}.Debug|Any CPU.ActiveCfg = Debug|Any CPU
		{0FE6C604-B753-4C7C-B44F-F3AEE1509E39}.Debug|Any CPU.Build.0 = Debug|Any CPU
		{0FE6C604-B753-4C7C-B44F-F3AEE1509E39}.Release|Any CPU.ActiveCfg = Release|Any CPU
		{0FE6C604-B753-4C7C-B44F-F3AEE1509E39}.Release|Any CPU.Build.0 = Release|Any CPU
		{91F46531-EFD5-4A0D-8D73-7BA6D3EC6457}.Debug|Any CPU.ActiveCfg = Debug|Any CPU
		{91F46531-EFD5-4A0D-8D73-7BA6D3EC6457}.Debug|Any CPU.Build.0 = Debug|Any CPU
		{91F46531-EFD5-4A0D-8D73-7BA6D3EC6457}.Release|Any CPU.ActiveCfg = Release|Any CPU
		{91F46531-EFD5-4A0D-8D73-7BA6D3EC6457}.Release|Any CPU.Build.0 = Release|Any CPU
	EndGlobalSection
	GlobalSection(SolutionProperties) = preSolution
		HideSolutionNode = FALSE
	EndGlobalSection
	GlobalSection(ExtensibilityGlobals) = postSolution
		SolutionGuid = {59074639-9632-44CC-84F3-14ED56FF3881}
	EndGlobalSection
EndGlobal
